
Microsoft Visual Studio Solution File, Format Version 12.00
# Visual Studio Version 17
VisualStudioVersion = 17.7.34031.279
MinimumVisualStudioVersion = 10.0.40219.1
Project("{FAE04EC0-301F-11D3-BF4B-00C04F79EFBC}") = "LingApp", "LingApp\LingApp.csproj", "{465AE1D9-7D39-43B5-ABC1-BA7EC9DA2124}"
EndProject
Project("{FAE04EC0-301F-11D3-BF4B-00C04F79EFBC}") = "LingWebApp", "LingWebApp\LingWebApp.csproj", "{4F7F61E8-E899-430B-9A5C-B844EAF59304}"
EndProject
Global
	GlobalSection(SolutionConfigurationPlatforms) = preSolution
		Debug|Any CPU = Debug|Any CPU
		Release|Any CPU = Release|Any CPU
	EndGlobalSection
	GlobalSection(ProjectConfigurationPlatforms) = postSolution
		{465AE1D9-7D39-43B5-ABC1-BA7EC9DA2124}.Debug|Any CPU.ActiveCfg = Debug|Any CPU
		{465AE1D9-7D39-43B5-ABC1-BA7EC9DA2124}.Debug|Any CPU.Build.0 = Debug|Any CPU
		{465AE1D9-7D39-43B5-ABC1-BA7EC9DA2124}.Release|Any CPU.ActiveCfg = Release|Any CPU
		{465AE1D9-7D39-43B5-ABC1-BA7EC9DA2124}.Release|Any CPU.Build.0 = Release|Any CPU
		{4F7F61E8-E899-430B-9A5C-B844EAF59304}.Debug|Any CPU.ActiveCfg = Debug|Any CPU
		{4F7F61E8-E899-430B-9A5C-B844EAF59304}.Debug|Any CPU.Build.0 = Debug|Any CPU
		{4F7F61E8-E899-430B-9A5C-B844EAF59304}.Release|Any CPU.ActiveCfg = Release|Any CPU
		{4F7F61E8-E899-430B-9A5C-B844EAF59304}.Release|Any CPU.Build.0 = Release|Any CPU
	EndGlobalSection
	GlobalSection(SolutionProperties) = preSolution
		HideSolutionNode = FALSE
	EndGlobalSection
	GlobalSection(ExtensibilityGlobals) = postSolution
		SolutionGuid = {D75F48C4-AC4A-4847-906D-24C33CB8DB51}
	EndGlobalSection
EndGlobal
